// !$*UTF8*$!
{
	archiveVersion = 1;
	classes = {
	};
	objectVersion = 55;
	objects = {

/* Begin PBXBuildFile section */
		280890AA29544FB70010C440 /* DartsGameModel.swift in Sources */ = {isa = PBXBuildFile; fileRef = 280890A929544FB70010C440 /* DartsGameModel.swift */; };
		280890AE29548A960010C440 /* ClassicDartKeyboardView.swift in Sources */ = {isa = PBXBuildFile; fileRef = 280890AD29548A960010C440 /* ClassicDartKeyboardView.swift */; };
		280890B2295490BE0010C440 /* DartButtonModel.swift in Sources */ = {isa = PBXBuildFile; fileRef = 280890B1295490BE0010C440 /* DartButtonModel.swift */; };
		2866705729559D2E0054A33D /* DartButton.swift in Sources */ = {isa = PBXBuildFile; fileRef = 2866705629559D2E0054A33D /* DartButton.swift */; };
		2866705929559F680054A33D /* ModifierButton.swift in Sources */ = {isa = PBXBuildFile; fileRef = 2866705829559F680054A33D /* ModifierButton.swift */; };
		2866705B2955F75C0054A33D /* MissButton.swift in Sources */ = {isa = PBXBuildFile; fileRef = 2866705A2955F75C0054A33D /* MissButton.swift */; };
		2866705D2955FDAA0054A33D /* BackButton.swift in Sources */ = {isa = PBXBuildFile; fileRef = 2866705C2955FDAA0054A33D /* BackButton.swift */; };
		28900FE8295335A300080243 /* GameStateModel.swift in Sources */ = {isa = PBXBuildFile; fileRef = 28900FE7295335A300080243 /* GameStateModel.swift */; };
		28900FEC295341F100080243 /* PlayerModel.swift in Sources */ = {isa = PBXBuildFile; fileRef = 28900FEB295341F100080243 /* PlayerModel.swift */; };
		28900FEE2953423C00080243 /* GameModel.swift in Sources */ = {isa = PBXBuildFile; fileRef = 28900FED2953423C00080243 /* GameModel.swift */; };
		28900FF02953463400080243 /* GameSelectionView.swift in Sources */ = {isa = PBXBuildFile; fileRef = 28900FEF2953463400080243 /* GameSelectionView.swift */; };
		28900FF22953468B00080243 /* PlayerSelectionView.swift in Sources */ = {isa = PBXBuildFile; fileRef = 28900FF12953468B00080243 /* PlayerSelectionView.swift */; };
		28900FF4295346E400080243 /* PlayerInList.swift in Sources */ = {isa = PBXBuildFile; fileRef = 28900FF3295346E400080243 /* PlayerInList.swift */; };
		28900FF72953473F00080243 /* IsEmptyModifier.swift in Sources */ = {isa = PBXBuildFile; fileRef = 28900FF62953473F00080243 /* IsEmptyModifier.swift */; };
		28900FF92953920C00080243 /* PlayerListView.swift in Sources */ = {isa = PBXBuildFile; fileRef = 28900FF82953920C00080243 /* PlayerListView.swift */; };
		28900FFB2953BCBD00080243 /* ClassicDartsView.swift in Sources */ = {isa = PBXBuildFile; fileRef = 28900FFA2953BCBD00080243 /* ClassicDartsView.swift */; };
		289BDC8E28843FBB00EFECC9 /* dart_appApp.swift in Sources */ = {isa = PBXBuildFile; fileRef = 289BDC8D28843FBB00EFECC9 /* dart_appApp.swift */; };
		289BDC9028843FBB00EFECC9 /* ContentView.swift in Sources */ = {isa = PBXBuildFile; fileRef = 289BDC8F28843FBB00EFECC9 /* ContentView.swift */; };
		289BDC9228843FBC00EFECC9 /* Assets.xcassets in Resources */ = {isa = PBXBuildFile; fileRef = 289BDC9128843FBC00EFECC9 /* Assets.xcassets */; };
		289BDC9528843FBC00EFECC9 /* Preview Assets.xcassets in Resources */ = {isa = PBXBuildFile; fileRef = 289BDC9428843FBC00EFECC9 /* Preview Assets.xcassets */; };
		289BDC9C2884401000EFECC9 /* HomeView.swift in Sources */ = {isa = PBXBuildFile; fileRef = 289BDC9B2884401000EFECC9 /* HomeView.swift */; };
		289BDC9F2884410E00EFECC9 /* GameCard.swift in Sources */ = {isa = PBXBuildFile; fileRef = 289BDC9E2884410E00EFECC9 /* GameCard.swift */; };
/* End PBXBuildFile section */

/* Begin PBXFileReference section */
		280890A929544FB70010C440 /* DartsGameModel.swift */ = {isa = PBXFileReference; lastKnownFileType = sourcecode.swift; path = DartsGameModel.swift; sourceTree = "<group>"; };
		280890AD29548A960010C440 /* ClassicDartKeyboardView.swift */ = {isa = PBXFileReference; lastKnownFileType = sourcecode.swift; path = ClassicDartKeyboardView.swift; sourceTree = "<group>"; };
		280890B1295490BE0010C440 /* DartButtonModel.swift */ = {isa = PBXFileReference; lastKnownFileType = sourcecode.swift; path = DartButtonModel.swift; sourceTree = "<group>"; };
		2866705629559D2E0054A33D /* DartButton.swift */ = {isa = PBXFileReference; lastKnownFileType = sourcecode.swift; path = DartButton.swift; sourceTree = "<group>"; };
		2866705829559F680054A33D /* ModifierButton.swift */ = {isa = PBXFileReference; lastKnownFileType = sourcecode.swift; path = ModifierButton.swift; sourceTree = "<group>"; };
		2866705A2955F75C0054A33D /* MissButton.swift */ = {isa = PBXFileReference; lastKnownFileType = sourcecode.swift; path = MissButton.swift; sourceTree = "<group>"; };
		2866705C2955FDAA0054A33D /* BackButton.swift */ = {isa = PBXFileReference; lastKnownFileType = sourcecode.swift; path = BackButton.swift; sourceTree = "<group>"; };
		28900FE7295335A300080243 /* GameStateModel.swift */ = {isa = PBXFileReference; lastKnownFileType = sourcecode.swift; path = GameStateModel.swift; sourceTree = "<group>"; };
		28900FEB295341F100080243 /* PlayerModel.swift */ = {isa = PBXFileReference; lastKnownFileType = sourcecode.swift; path = PlayerModel.swift; sourceTree = "<group>"; };
		28900FED2953423C00080243 /* GameModel.swift */ = {isa = PBXFileReference; lastKnownFileType = sourcecode.swift; path = GameModel.swift; sourceTree = "<group>"; };
		28900FEF2953463400080243 /* GameSelectionView.swift */ = {isa = PBXFileReference; lastKnownFileType = sourcecode.swift; path = GameSelectionView.swift; sourceTree = "<group>"; };
		28900FF12953468B00080243 /* PlayerSelectionView.swift */ = {isa = PBXFileReference; lastKnownFileType = sourcecode.swift; path = PlayerSelectionView.swift; sourceTree = "<group>"; };
		28900FF3295346E400080243 /* PlayerInList.swift */ = {isa = PBXFileReference; lastKnownFileType = sourcecode.swift; path = PlayerInList.swift; sourceTree = "<group>"; };
		28900FF62953473F00080243 /* IsEmptyModifier.swift */ = {isa = PBXFileReference; lastKnownFileType = sourcecode.swift; path = IsEmptyModifier.swift; sourceTree = "<group>"; };
		28900FF82953920C00080243 /* PlayerListView.swift */ = {isa = PBXFileReference; lastKnownFileType = sourcecode.swift; path = PlayerListView.swift; sourceTree = "<group>"; };
		28900FFA2953BCBD00080243 /* ClassicDartsView.swift */ = {isa = PBXFileReference; lastKnownFileType = sourcecode.swift; path = ClassicDartsView.swift; sourceTree = "<group>"; };
		289BDC8A28843FBB00EFECC9 /* dart-app.app */ = {isa = PBXFileReference; explicitFileType = wrapper.application; includeInIndex = 0; path = "dart-app.app"; sourceTree = BUILT_PRODUCTS_DIR; };
		289BDC8D28843FBB00EFECC9 /* dart_appApp.swift */ = {isa = PBXFileReference; lastKnownFileType = sourcecode.swift; path = dart_appApp.swift; sourceTree = "<group>"; };
		289BDC8F28843FBB00EFECC9 /* ContentView.swift */ = {isa = PBXFileReference; lastKnownFileType = sourcecode.swift; path = ContentView.swift; sourceTree = "<group>"; };
		289BDC9128843FBC00EFECC9 /* Assets.xcassets */ = {isa = PBXFileReference; lastKnownFileType = folder.assetcatalog; path = Assets.xcassets; sourceTree = "<group>"; };
		289BDC9428843FBC00EFECC9 /* Preview Assets.xcassets */ = {isa = PBXFileReference; lastKnownFileType = folder.assetcatalog; path = "Preview Assets.xcassets"; sourceTree = "<group>"; };
		289BDC9B2884401000EFECC9 /* HomeView.swift */ = {isa = PBXFileReference; lastKnownFileType = sourcecode.swift; path = HomeView.swift; sourceTree = "<group>"; };
		289BDC9E2884410E00EFECC9 /* GameCard.swift */ = {isa = PBXFileReference; lastKnownFileType = sourcecode.swift; path = GameCard.swift; sourceTree = "<group>"; };
/* End PBXFileReference section */

/* Begin PBXFrameworksBuildPhase section */
		289BDC8728843FBB00EFECC9 /* Frameworks */ = {
			isa = PBXFrameworksBuildPhase;
			buildActionMask = 2147483647;
			files = (
			);
			runOnlyForDeploymentPostprocessing = 0;
		};
/* End PBXFrameworksBuildPhase section */

/* Begin PBXGroup section */
		28900FE5295334CB00080243 /* Components */ = {
			isa = PBXGroup;
			children = (
				289BDC9E2884410E00EFECC9 /* GameCard.swift */,
				28900FF3295346E400080243 /* PlayerInList.swift */,
				2866705629559D2E0054A33D /* DartButton.swift */,
				2866705829559F680054A33D /* ModifierButton.swift */,
				2866705A2955F75C0054A33D /* MissButton.swift */,
				2866705C2955FDAA0054A33D /* BackButton.swift */,
			);
			path = Components;
			sourceTree = "<group>";
		};
		28900FE62953359300080243 /* Models */ = {
			isa = PBXGroup;
			children = (
				28900FE7295335A300080243 /* GameStateModel.swift */,
				28900FEB295341F100080243 /* PlayerModel.swift */,
				28900FED2953423C00080243 /* GameModel.swift */,
				280890A929544FB70010C440 /* DartsGameModel.swift */,
				280890B1295490BE0010C440 /* DartButtonModel.swift */,
			);
			path = Models;
			sourceTree = "<group>";
		};
		28900FF52953471300080243 /* Utils */ = {
			isa = PBXGroup;
			children = (
				28900FF62953473F00080243 /* IsEmptyModifier.swift */,
			);
			path = Utils;
			sourceTree = "<group>";
		};
		289BDC8128843FBB00EFECC9 = {
			isa = PBXGroup;
			children = (
				289BDC8C28843FBB00EFECC9 /* dart-app */,
				289BDC8B28843FBB00EFECC9 /* Products */,
			);
			sourceTree = "<group>";
		};
		289BDC8B28843FBB00EFECC9 /* Products */ = {
			isa = PBXGroup;
			children = (
				289BDC8A28843FBB00EFECC9 /* dart-app.app */,
			);
			name = Products;
			sourceTree = "<group>";
		};
		289BDC8C28843FBB00EFECC9 /* dart-app */ = {
			isa = PBXGroup;
			children = (
				28900FF52953471300080243 /* Utils */,
				28900FE62953359300080243 /* Models */,
				28900FE5295334CB00080243 /* Components */,
				289BDC9D2884405900EFECC9 /* Views */,
				289BDC8D28843FBB00EFECC9 /* dart_appApp.swift */,
				289BDC8F28843FBB00EFECC9 /* ContentView.swift */,
				289BDC9128843FBC00EFECC9 /* Assets.xcassets */,
				289BDC9328843FBC00EFECC9 /* Preview Content */,
			);
			path = "dart-app";
			sourceTree = "<group>";
		};
		289BDC9328843FBC00EFECC9 /* Preview Content */ = {
			isa = PBXGroup;
			children = (
				289BDC9428843FBC00EFECC9 /* Preview Assets.xcassets */,
			);
			path = "Preview Content";
			sourceTree = "<group>";
		};
		289BDC9D2884405900EFECC9 /* Views */ = {
			isa = PBXGroup;
			children = (
				28900FEF2953463400080243 /* GameSelectionView.swift */,
				289BDC9B2884401000EFECC9 /* HomeView.swift */,
				28900FF12953468B00080243 /* PlayerSelectionView.swift */,
				28900FF82953920C00080243 /* PlayerListView.swift */,
				28900FFA2953BCBD00080243 /* ClassicDartsView.swift */,
				280890AD29548A960010C440 /* ClassicDartKeyboardView.swift */,
			);
			path = Views;
			sourceTree = "<group>";
		};
/* End PBXGroup section */

/* Begin PBXNativeTarget section */
		289BDC8928843FBB00EFECC9 /* dart-app */ = {
			isa = PBXNativeTarget;
			buildConfigurationList = 289BDC9828843FBC00EFECC9 /* Build configuration list for PBXNativeTarget "dart-app" */;
			buildPhases = (
				289BDC8628843FBB00EFECC9 /* Sources */,
				289BDC8728843FBB00EFECC9 /* Frameworks */,
				289BDC8828843FBB00EFECC9 /* Resources */,
			);
			buildRules = (
			);
			dependencies = (
			);
			name = "dart-app";
			productName = "dart-app";
			productReference = 289BDC8A28843FBB00EFECC9 /* dart-app.app */;
			productType = "com.apple.product-type.application";
		};
/* End PBXNativeTarget section */

/* Begin PBXProject section */
		289BDC8228843FBB00EFECC9 /* Project object */ = {
			isa = PBXProject;
			attributes = {
				BuildIndependentTargetsInParallel = 1;
				LastSwiftUpdateCheck = 1340;
				LastUpgradeCheck = 1340;
				TargetAttributes = {
					289BDC8928843FBB00EFECC9 = {
						CreatedOnToolsVersion = 13.4.1;
					};
				};
			};
			buildConfigurationList = 289BDC8528843FBB00EFECC9 /* Build configuration list for PBXProject "dart-app" */;
			compatibilityVersion = "Xcode 13.0";
			developmentRegion = en;
			hasScannedForEncodings = 0;
			knownRegions = (
				en,
				Base,
			);
			mainGroup = 289BDC8128843FBB00EFECC9;
			productRefGroup = 289BDC8B28843FBB00EFECC9 /* Products */;
			projectDirPath = "";
			projectRoot = "";
			targets = (
				289BDC8928843FBB00EFECC9 /* dart-app */,
			);
		};
/* End PBXProject section */

/* Begin PBXResourcesBuildPhase section */
		289BDC8828843FBB00EFECC9 /* Resources */ = {
			isa = PBXResourcesBuildPhase;
			buildActionMask = 2147483647;
			files = (
				289BDC9528843FBC00EFECC9 /* Preview Assets.xcassets in Resources */,
				289BDC9228843FBC00EFECC9 /* Assets.xcassets in Resources */,
			);
			runOnlyForDeploymentPostprocessing = 0;
		};
/* End PBXResourcesBuildPhase section */

/* Begin PBXSourcesBuildPhase section */
		289BDC8628843FBB00EFECC9 /* Sources */ = {
			isa = PBXSourcesBuildPhase;
			buildActionMask = 2147483647;
			files = (
				28900FEC295341F100080243 /* PlayerModel.swift in Sources */,
				280890AE29548A960010C440 /* ClassicDartKeyboardView.swift in Sources */,
				289BDC9C2884401000EFECC9 /* HomeView.swift in Sources */,
				280890AA29544FB70010C440 /* DartsGameModel.swift in Sources */,
				2866705D2955FDAA0054A33D /* BackButton.swift in Sources */,
				28900FFB2953BCBD00080243 /* ClassicDartsView.swift in Sources */,
				28900FF72953473F00080243 /* IsEmptyModifier.swift in Sources */,
				28900FF92953920C00080243 /* PlayerListView.swift in Sources */,
				2866705729559D2E0054A33D /* DartButton.swift in Sources */,
				280890B2295490BE0010C440 /* DartButtonModel.swift in Sources */,
				28900FF02953463400080243 /* GameSelectionView.swift in Sources */,
				28900FF22953468B00080243 /* PlayerSelectionView.swift in Sources */,
				289BDC9F2884410E00EFECC9 /* GameCard.swift in Sources */,
				28900FE8295335A300080243 /* GameStateModel.swift in Sources */,
				289BDC9028843FBB00EFECC9 /* ContentView.swift in Sources */,
				2866705929559F680054A33D /* ModifierButton.swift in Sources */,
				28900FF4295346E400080243 /* PlayerInList.swift in Sources */,
				289BDC8E28843FBB00EFECC9 /* dart_appApp.swift in Sources */,
				2866705B2955F75C0054A33D /* MissButton.swift in Sources */,
				28900FEE2953423C00080243 /* GameModel.swift in Sources */,
			);
			runOnlyForDeploymentPostprocessing = 0;
		};
/* End PBXSourcesBuildPhase section */

/* Begin XCBuildConfiguration section */
		289BDC9628843FBC00EFECC9 /* Debug */ = {
			isa = XCBuildConfiguration;
			buildSettings = {
				ALWAYS_SEARCH_USER_PATHS = NO;
				CLANG_ANALYZER_NONNULL = YES;
				CLANG_ANALYZER_NUMBER_OBJECT_CONVERSION = YES_AGGRESSIVE;
				CLANG_CXX_LANGUAGE_STANDARD = "gnu++17";
				CLANG_ENABLE_MODULES = YES;
				CLANG_ENABLE_OBJC_ARC = YES;
				CLANG_ENABLE_OBJC_WEAK = YES;
				CLANG_WARN_BLOCK_CAPTURE_AUTORELEASING = YES;
				CLANG_WARN_BOOL_CONVERSION = YES;
				CLANG_WARN_COMMA = YES;
				CLANG_WARN_CONSTANT_CONVERSION = YES;
				CLANG_WARN_DEPRECATED_OBJC_IMPLEMENTATIONS = YES;
				CLANG_WARN_DIRECT_OBJC_ISA_USAGE = YES_ERROR;
				CLANG_WARN_DOCUMENTATION_COMMENTS = YES;
				CLANG_WARN_EMPTY_BODY = YES;
				CLANG_WARN_ENUM_CONVERSION = YES;
				CLANG_WARN_INFINITE_RECURSION = YES;
				CLANG_WARN_INT_CONVERSION = YES;
				CLANG_WARN_NON_LITERAL_NULL_CONVERSION = YES;
				CLANG_WARN_OBJC_IMPLICIT_RETAIN_SELF = YES;
				CLANG_WARN_OBJC_LITERAL_CONVERSION = YES;
				CLANG_WARN_OBJC_ROOT_CLASS = YES_ERROR;
				CLANG_WARN_QUOTED_INCLUDE_IN_FRAMEWORK_HEADER = YES;
				CLANG_WARN_RANGE_LOOP_ANALYSIS = YES;
				CLANG_WARN_STRICT_PROTOTYPES = YES;
				CLANG_WARN_SUSPICIOUS_MOVE = YES;
				CLANG_WARN_UNGUARDED_AVAILABILITY = YES_AGGRESSIVE;
				CLANG_WARN_UNREACHABLE_CODE = YES;
				CLANG_WARN__DUPLICATE_METHOD_MATCH = YES;
				COPY_PHASE_STRIP = NO;
				DEBUG_INFORMATION_FORMAT = dwarf;
				ENABLE_STRICT_OBJC_MSGSEND = YES;
				ENABLE_TESTABILITY = YES;
				GCC_C_LANGUAGE_STANDARD = gnu11;
				GCC_DYNAMIC_NO_PIC = NO;
				GCC_NO_COMMON_BLOCKS = YES;
				GCC_OPTIMIZATION_LEVEL = 0;
				GCC_PREPROCESSOR_DEFINITIONS = (
					"DEBUG=1",
					"$(inherited)",
				);
				GCC_WARN_64_TO_32_BIT_CONVERSION = YES;
				GCC_WARN_ABOUT_RETURN_TYPE = YES_ERROR;
				GCC_WARN_UNDECLARED_SELECTOR = YES;
				GCC_WARN_UNINITIALIZED_AUTOS = YES_AGGRESSIVE;
				GCC_WARN_UNUSED_FUNCTION = YES;
				GCC_WARN_UNUSED_VARIABLE = YES;
				IPHONEOS_DEPLOYMENT_TARGET = 15.5;
				MTL_ENABLE_DEBUG_INFO = INCLUDE_SOURCE;
				MTL_FAST_MATH = YES;
				ONLY_ACTIVE_ARCH = YES;
				SDKROOT = iphoneos;
				SWIFT_ACTIVE_COMPILATION_CONDITIONS = DEBUG;
				SWIFT_OPTIMIZATION_LEVEL = "-Onone";
			};
			name = Debug;
		};
		289BDC9728843FBC00EFECC9 /* Release */ = {
			isa = XCBuildConfiguration;
			buildSettings = {
				ALWAYS_SEARCH_USER_PATHS = NO;
				CLANG_ANALYZER_NONNULL = YES;
				CLANG_ANALYZER_NUMBER_OBJECT_CONVERSION = YES_AGGRESSIVE;
				CLANG_CXX_LANGUAGE_STANDARD = "gnu++17";
				CLANG_ENABLE_MODULES = YES;
				CLANG_ENABLE_OBJC_ARC = YES;
				CLANG_ENABLE_OBJC_WEAK = YES;
				CLANG_WARN_BLOCK_CAPTURE_AUTORELEASING = YES;
				CLANG_WARN_BOOL_CONVERSION = YES;
				CLANG_WARN_COMMA = YES;
				CLANG_WARN_CONSTANT_CONVERSION = YES;
				CLANG_WARN_DEPRECATED_OBJC_IMPLEMENTATIONS = YES;
				CLANG_WARN_DIRECT_OBJC_ISA_USAGE = YES_ERROR;
				CLANG_WARN_DOCUMENTATION_COMMENTS = YES;
				CLANG_WARN_EMPTY_BODY = YES;
				CLANG_WARN_ENUM_CONVERSION = YES;
				CLANG_WARN_INFINITE_RECURSION = YES;
				CLANG_WARN_INT_CONVERSION = YES;
				CLANG_WARN_NON_LITERAL_NULL_CONVERSION = YES;
				CLANG_WARN_OBJC_IMPLICIT_RETAIN_SELF = YES;
				CLANG_WARN_OBJC_LITERAL_CONVERSION = YES;
				CLANG_WARN_OBJC_ROOT_CLASS = YES_ERROR;
				CLANG_WARN_QUOTED_INCLUDE_IN_FRAMEWORK_HEADER = YES;
				CLANG_WARN_RANGE_LOOP_ANALYSIS = YES;
				CLANG_WARN_STRICT_PROTOTYPES = YES;
				CLANG_WARN_SUSPICIOUS_MOVE = YES;
				CLANG_WARN_UNGUARDED_AVAILABILITY = YES_AGGRESSIVE;
				CLANG_WARN_UNREACHABLE_CODE = YES;
				CLANG_WARN__DUPLICATE_METHOD_MATCH = YES;
				COPY_PHASE_STRIP = NO;
				DEBUG_INFORMATION_FORMAT = "dwarf-with-dsym";
				ENABLE_NS_ASSERTIONS = NO;
				ENABLE_STRICT_OBJC_MSGSEND = YES;
				GCC_C_LANGUAGE_STANDARD = gnu11;
				GCC_NO_COMMON_BLOCKS = YES;
				GCC_WARN_64_TO_32_BIT_CONVERSION = YES;
				GCC_WARN_ABOUT_RETURN_TYPE = YES_ERROR;
				GCC_WARN_UNDECLARED_SELECTOR = YES;
				GCC_WARN_UNINITIALIZED_AUTOS = YES_AGGRESSIVE;
				GCC_WARN_UNUSED_FUNCTION = YES;
				GCC_WARN_UNUSED_VARIABLE = YES;
				IPHONEOS_DEPLOYMENT_TARGET = 15.5;
				MTL_ENABLE_DEBUG_INFO = NO;
				MTL_FAST_MATH = YES;
				SDKROOT = iphoneos;
				SWIFT_COMPILATION_MODE = wholemodule;
				SWIFT_OPTIMIZATION_LEVEL = "-O";
				VALIDATE_PRODUCT = YES;
			};
			name = Release;
		};
		289BDC9928843FBC00EFECC9 /* Debug */ = {
			isa = XCBuildConfiguration;
			buildSettings = {
				ASSETCATALOG_COMPILER_APPICON_NAME = AppIcon;
				ASSETCATALOG_COMPILER_GLOBAL_ACCENT_COLOR_NAME = AccentColor;
				CODE_SIGN_STYLE = Automatic;
				CURRENT_PROJECT_VERSION = 1;
				DEVELOPMENT_ASSET_PATHS = "\"dart-app/Preview Content\"";
				DEVELOPMENT_TEAM = 3X6L3DMJSK;
				ENABLE_PREVIEWS = YES;
				GENERATE_INFOPLIST_FILE = YES;
				INFOPLIST_KEY_UIApplicationSceneManifest_Generation = YES;
				INFOPLIST_KEY_UIApplicationSupportsIndirectInputEvents = YES;
				INFOPLIST_KEY_UILaunchScreen_Generation = YES;
				INFOPLIST_KEY_UISupportedInterfaceOrientations_iPad = "UIInterfaceOrientationPortrait UIInterfaceOrientationPortraitUpsideDown UIInterfaceOrientationLandscapeLeft UIInterfaceOrientationLandscapeRight";
				INFOPLIST_KEY_UISupportedInterfaceOrientations_iPhone = "UIInterfaceOrientationPortrait UIInterfaceOrientationLandscapeLeft UIInterfaceOrientationLandscapeRight";
				IPHONEOS_DEPLOYMENT_TARGET = 16.0;
				LD_RUNPATH_SEARCH_PATHS = (
					"$(inherited)",
					"@executable_path/Frameworks",
				);
				MARKETING_VERSION = 1.0;
				PRODUCT_BUNDLE_IDENTIFIER = "com.muellermilch.dart-app";
				PRODUCT_NAME = "$(TARGET_NAME)";
				SWIFT_EMIT_LOC_STRINGS = YES;
				SWIFT_VERSION = 5.0;
				TARGETED_DEVICE_FAMILY = "1,2";
			};
			name = Debug;
		};
		289BDC9A28843FBC00EFECC9 /* Release */ = {
			isa = XCBuildConfiguration;
			buildSettings = {
				ASSETCATALOG_COMPILER_APPICON_NAME = AppIcon;
				ASSETCATALOG_COMPILER_GLOBAL_ACCENT_COLOR_NAME = AccentColor;
				CODE_SIGN_STYLE = Automatic;
				CURRENT_PROJECT_VERSION = 1;
				DEVELOPMENT_ASSET_PATHS = "\"dart-app/Preview Content\"";
				DEVELOPMENT_TEAM = 3X6L3DMJSK;
				ENABLE_PREVIEWS = YES;
				GENERATE_INFOPLIST_FILE = YES;
				INFOPLIST_KEY_UIApplicationSceneManifest_Generation = YES;
				INFOPLIST_KEY_UIApplicationSupportsIndirectInputEvents = YES;
				INFOPLIST_KEY_UILaunchScreen_Generation = YES;
				INFOPLIST_KEY_UISupportedInterfaceOrientations_iPad = "UIInterfaceOrientationPortrait UIInterfaceOrientationPortraitUpsideDown UIInterfaceOrientationLandscapeLeft UIInterfaceOrientationLandscapeRight";
				INFOPLIST_KEY_UISupportedInterfaceOrientations_iPhone = "UIInterfaceOrientationPortrait UIInterfaceOrientationLandscapeLeft UIInterfaceOrientationLandscapeRight";
				IPHONEOS_DEPLOYMENT_TARGET = 16.0;
				LD_RUNPATH_SEARCH_PATHS = (
					"$(inherited)",
					"@executable_path/Frameworks",
				);
				MARKETING_VERSION = 1.0;
				PRODUCT_BUNDLE_IDENTIFIER = "com.muellermilch.dart-app";
				PRODUCT_NAME = "$(TARGET_NAME)";
				SWIFT_EMIT_LOC_STRINGS = YES;
				SWIFT_VERSION = 5.0;
				TARGETED_DEVICE_FAMILY = "1,2";
			};
			name = Release;
		};
/* End XCBuildConfiguration section */

/* Begin XCConfigurationList section */
		289BDC8528843FBB00EFECC9 /* Build configuration list for PBXProject "dart-app" */ = {
			isa = XCConfigurationList;
			buildConfigurations = (
				289BDC9628843FBC00EFECC9 /* Debug */,
				289BDC9728843FBC00EFECC9 /* Release */,
			);
			defaultConfigurationIsVisible = 0;
			defaultConfigurationName = Release;
		};
		289BDC9828843FBC00EFECC9 /* Build configuration list for PBXNativeTarget "dart-app" */ = {
			isa = XCConfigurationList;
			buildConfigurations = (
				289BDC9928843FBC00EFECC9 /* Debug */,
				289BDC9A28843FBC00EFECC9 /* Release */,
			);
			defaultConfigurationIsVisible = 0;
			defaultConfigurationName = Release;
		};
/* End XCConfigurationList section */
	};
	rootObject = 289BDC8228843FBB00EFECC9 /* Project object */;
}
